
Microsoft Visual Studio Solution File, Format Version 12.00
# Visual Studio Version 16
VisualStudioVersion = 16.0.34031.81
MinimumVisualStudioVersion = 10.0.40219.1
Project("{9A19103F-16F7-4668-BE54-9A1E7A4F7556}") = "WebBanHang", "WebBanHang\WebBanHang.csproj", "{0A74EC98-1508-48C2-86D8-707FD9D84848}"
EndProject
Global
	GlobalSection(SolutionConfigurationPlatforms) = preSolution
		Debug|Any CPU = Debug|Any CPU
		Release|Any CPU = Release|Any CPU
	EndGlobalSection
	GlobalSection(ProjectConfigurationPlatforms) = postSolution
		{0A74EC98-1508-48C2-86D8-707FD9D84848}.Debug|Any CPU.ActiveCfg = Debug|Any CPU
		{0A74EC98-1508-48C2-86D8-707FD9D84848}.Debug|Any CPU.Build.0 = Debug|Any CPU
		{0A74EC98-1508-48C2-86D8-707FD9D84848}.Release|Any CPU.ActiveCfg = Release|Any CPU
		{0A74EC98-1508-48C2-86D8-707FD9D84848}.Release|Any CPU.Build.0 = Release|Any CPU
	EndGlobalSection
	GlobalSection(SolutionProperties) = preSolution
		HideSolutionNode = FALSE
	EndGlobalSection
	GlobalSection(ExtensibilityGlobals) = postSolution
		SolutionGuid = {689062B8-1A49-4E6B-92AF-6C083DE1CA4C}
	EndGlobalSection
EndGlobal
